
Microsoft Visual Studio Solution File, Format Version 12.00
# Visual Studio 14
VisualStudioVersion = 14.0.25420.1
MinimumVisualStudioVersion = 10.0.40219.1
Project("{FAE04EC0-301F-11D3-BF4B-00C04F79EFBC}") = "FilterManager", "FilterManager\FilterManager.csproj", "{231EEA93-6437-4A80-9E54-D30F3CE65BF5}"
EndProject
Project("{FAE04EC0-301F-11D3-BF4B-00C04F79EFBC}") = "FilterManager.Core", "FilterManager.Core\FilterManager.Core.csproj", "{64F319A2-2239-4DCB-8980-AF47C55A7730}"
EndProject
Global
	GlobalSection(SolutionConfigurationPlatforms) = preSolution
		Debug|Any CPU = Debug|Any CPU
		Release|Any CPU = Release|Any CPU
	EndGlobalSection
	GlobalSection(ProjectConfigurationPlatforms) = postSolution
		{231EEA93-6437-4A80-9E54-D30F3CE65BF5}.Debug|Any CPU.ActiveCfg = Debug|Any CPU
		{231EEA93-6437-4A80-9E54-D30F3CE65BF5}.Debug|Any CPU.Build.0 = Debug|Any CPU
		{231EEA93-6437-4A80-9E54-D30F3CE65BF5}.Release|Any CPU.ActiveCfg = Release|Any CPU
		{231EEA93-6437-4A80-9E54-D30F3CE65BF5}.Release|Any CPU.Build.0 = Release|Any CPU
		{64F319A2-2239-4DCB-8980-AF47C55A7730}.Debug|Any CPU.ActiveCfg = Debug|Any CPU
		{64F319A2-2239-4DCB-8980-AF47C55A7730}.Debug|Any CPU.Build.0 = Debug|Any CPU
		{64F319A2-2239-4DCB-8980-AF47C55A7730}.Release|Any CPU.ActiveCfg = Release|Any CPU
		{64F319A2-2239-4DCB-8980-AF47C55A7730}.Release|Any CPU.Build.0 = Release|Any CPU
	EndGlobalSection
	GlobalSection(SolutionProperties) = preSolution
		HideSolutionNode = FALSE
	EndGlobalSection
EndGlobal
